
Microsoft Visual Studio Solution File, Format Version 12.00
# Visual Studio Version 16
VisualStudioVersion = 16.0.30907.101
MinimumVisualStudioVersion = 10.0.40219.1
Project("{9A19103F-16F7-4668-BE54-9A1E7A4F7556}") = "DataAccess", "DataAccess\DataAccess.csproj", "{C86E413F-3BD1-4D88-92CB-BE0184C9A80F}"
EndProject
Project("{9A19103F-16F7-4668-BE54-9A1E7A4F7556}") = "Business", "Business\Business.csproj", "{84EF5E1F-CF92-47BC-AFC1-1C9C95EFFDED}"
EndProject
Project("{9A19103F-16F7-4668-BE54-9A1E7A4F7556}") = "Entities", "Entities\Entities.csproj", "{C975CDB8-7ABD-416E-87BE-270B99D2668F}"
EndProject
Project("{9A19103F-16F7-4668-BE54-9A1E7A4F7556}") = "Core", "Core\Core.csproj", "{5E7FA2B0-836A-4C2A-B758-700CA8E649A3}"
EndProject
Project("{9A19103F-16F7-4668-BE54-9A1E7A4F7556}") = "WebAPIv1", "WebAPIv1\WebAPIv1.csproj", "{2CE06AE8-1E72-4061-AE9B-37CA38A5E5CD}"
EndProject
Global
	GlobalSection(SolutionConfigurationPlatforms) = preSolution
		Debug|Any CPU = Debug|Any CPU
		Release|Any CPU = Release|Any CPU
	EndGlobalSection
	GlobalSection(ProjectConfigurationPlatforms) = postSolution
		{C86E413F-3BD1-4D88-92CB-BE0184C9A80F}.Debug|Any CPU.ActiveCfg = Debug|Any CPU
		{C86E413F-3BD1-4D88-92CB-BE0184C9A80F}.Debug|Any CPU.Build.0 = Debug|Any CPU
		{C86E413F-3BD1-4D88-92CB-BE0184C9A80F}.Release|Any CPU.ActiveCfg = Release|Any CPU
		{C86E413F-3BD1-4D88-92CB-BE0184C9A80F}.Release|Any CPU.Build.0 = Release|Any CPU
		{84EF5E1F-CF92-47BC-AFC1-1C9C95EFFDED}.Debug|Any CPU.ActiveCfg = Debug|Any CPU
		{84EF5E1F-CF92-47BC-AFC1-1C9C95EFFDED}.Debug|Any CPU.Build.0 = Debug|Any CPU
		{84EF5E1F-CF92-47BC-AFC1-1C9C95EFFDED}.Release|Any CPU.ActiveCfg = Release|Any CPU
		{84EF5E1F-CF92-47BC-AFC1-1C9C95EFFDED}.Release|Any CPU.Build.0 = Release|Any CPU
		{C975CDB8-7ABD-416E-87BE-270B99D2668F}.Debug|Any CPU.ActiveCfg = Debug|Any CPU
		{C975CDB8-7ABD-416E-87BE-270B99D2668F}.Debug|Any CPU.Build.0 = Debug|Any CPU
		{C975CDB8-7ABD-416E-87BE-270B99D2668F}.Release|Any CPU.ActiveCfg = Release|Any CPU
		{C975CDB8-7ABD-416E-87BE-270B99D2668F}.Release|Any CPU.Build.0 = Release|Any CPU
		{5E7FA2B0-836A-4C2A-B758-700CA8E649A3}.Debug|Any CPU.ActiveCfg = Debug|Any CPU
		{5E7FA2B0-836A-4C2A-B758-700CA8E649A3}.Debug|Any CPU.Build.0 = Debug|Any CPU
		{5E7FA2B0-836A-4C2A-B758-700CA8E649A3}.Release|Any CPU.ActiveCfg = Release|Any CPU
		{5E7FA2B0-836A-4C2A-B758-700CA8E649A3}.Release|Any CPU.Build.0 = Release|Any CPU
		{2CE06AE8-1E72-4061-AE9B-37CA38A5E5CD}.Debug|Any CPU.ActiveCfg = Debug|Any CPU
		{2CE06AE8-1E72-4061-AE9B-37CA38A5E5CD}.Debug|Any CPU.Build.0 = Debug|Any CPU
		{2CE06AE8-1E72-4061-AE9B-37CA38A5E5CD}.Release|Any CPU.ActiveCfg = Release|Any CPU
		{2CE06AE8-1E72-4061-AE9B-37CA38A5E5CD}.Release|Any CPU.Build.0 = Release|Any CPU
	EndGlobalSection
	GlobalSection(SolutionProperties) = preSolution
		HideSolutionNode = FALSE
	EndGlobalSection
	GlobalSection(ExtensibilityGlobals) = postSolution
		SolutionGuid = {87BF5D6B-5243-4A20-806C-6928CA319930}
	EndGlobalSection
EndGlobal
